
Microsoft Visual Studio Solution File, Format Version 12.00
# Visual Studio Version 17
VisualStudioVersion = 17.9.34714.143
MinimumVisualStudioVersion = 10.0.40219.1
Project("{FAE04EC0-301F-11D3-BF4B-00C04F79EFBC}") = "Pokedex", "Pokedex\Pokedex.csproj", "{4144FE68-33A0-48BF-9C39-11CBC108BD4F}"
EndProject
Global
	GlobalSection(SolutionConfigurationPlatforms) = preSolution
		Debug|Any CPU = Debug|Any CPU
		Release|Any CPU = Release|Any CPU
	EndGlobalSection
	GlobalSection(ProjectConfigurationPlatforms) = postSolution
		{4144FE68-33A0-48BF-9C39-11CBC108BD4F}.Debug|Any CPU.ActiveCfg = Debug|Any CPU
		{4144FE68-33A0-48BF-9C39-11CBC108BD4F}.Debug|Any CPU.Build.0 = Debug|Any CPU
		{4144FE68-33A0-48BF-9C39-11CBC108BD4F}.Release|Any CPU.ActiveCfg = Release|Any CPU
		{4144FE68-33A0-48BF-9C39-11CBC108BD4F}.Release|Any CPU.Build.0 = Release|Any CPU
	EndGlobalSection
	GlobalSection(SolutionProperties) = preSolution
		HideSolutionNode = FALSE
	EndGlobalSection
	GlobalSection(ExtensibilityGlobals) = postSolution
		SolutionGuid = {C62C3EBF-BCBC-4DEE-9673-60AF5740F5DD}
	EndGlobalSection
EndGlobal
